// !$*UTF8*$!
{
	archiveVersion = 1;
	classes = {
	};
	objectVersion = 50;
	objects = {

/* Begin PBXBuildFile section */
		08C6BB306C8090889AE1B034 /* Pods_FlixTests.framework in Frameworks */ = {isa = PBXBuildFile; fileRef = 6DB69AA9667E0107318CB854 /* Pods_FlixTests.framework */; };
		08FA737AADD12EC0968EB380 /* Pods_Flix.framework in Frameworks */ = {isa = PBXBuildFile; fileRef = 446FAAE56A57106662BCE343 /* Pods_Flix.framework */; };
		66195E6B18B700B30D4E5C88 /* Pods_Flix_FlixUITests.framework in Frameworks */ = {isa = PBXBuildFile; fileRef = 3AD1F7462FF8BBBD1793B19E /* Pods_Flix_FlixUITests.framework */; };
		CD28F33225C35475001FC6B0 /* MovieCell.swift in Sources */ = {isa = PBXBuildFile; fileRef = CD28F33125C35475001FC6B0 /* MovieCell.swift */; };
		CD68CBF725C3210D00A23207 /* AppDelegate.swift in Sources */ = {isa = PBXBuildFile; fileRef = CD68CBF625C3210D00A23207 /* AppDelegate.swift */; };
		CD68CBF925C3210D00A23207 /* SceneDelegate.swift in Sources */ = {isa = PBXBuildFile; fileRef = CD68CBF825C3210D00A23207 /* SceneDelegate.swift */; };
		CD68CBFB25C3210D00A23207 /* ViewController.swift in Sources */ = {isa = PBXBuildFile; fileRef = CD68CBFA25C3210D00A23207 /* ViewController.swift */; };
		CD68CBFE25C3210D00A23207 /* Main.storyboard in Resources */ = {isa = PBXBuildFile; fileRef = CD68CBFC25C3210D00A23207 /* Main.storyboard */; };
		CD68CC0025C3210D00A23207 /* Assets.xcassets in Resources */ = {isa = PBXBuildFile; fileRef = CD68CBFF25C3210D00A23207 /* Assets.xcassets */; };
		CD68CC0325C3210D00A23207 /* LaunchScreen.storyboard in Resources */ = {isa = PBXBuildFile; fileRef = CD68CC0125C3210D00A23207 /* LaunchScreen.storyboard */; };
		CD68CC0E25C3210D00A23207 /* FlixTests.swift in Sources */ = {isa = PBXBuildFile; fileRef = CD68CC0D25C3210D00A23207 /* FlixTests.swift */; };
		CD68CC1925C3210E00A23207 /* FlixUITests.swift in Sources */ = {isa = PBXBuildFile; fileRef = CD68CC1825C3210E00A23207 /* FlixUITests.swift */; };
		CD68CC5825C32F3A00A23207 /* MoviesViewController.swift in Sources */ = {isa = PBXBuildFile; fileRef = CD68CC5725C32F3A00A23207 /* MoviesViewController.swift */; };
/* End PBXBuildFile section */

/* Begin PBXContainerItemProxy section */
		CD68CC0A25C3210D00A23207 /* PBXContainerItemProxy */ = {
			isa = PBXContainerItemProxy;
			containerPortal = CD68CBEB25C3210C00A23207 /* Project object */;
			proxyType = 1;
			remoteGlobalIDString = CD68CBF225C3210C00A23207;
			remoteInfo = Flix;
		};
		CD68CC1525C3210D00A23207 /* PBXContainerItemProxy */ = {
			isa = PBXContainerItemProxy;
			containerPortal = CD68CBEB25C3210C00A23207 /* Project object */;
			proxyType = 1;
			remoteGlobalIDString = CD68CBF225C3210C00A23207;
			remoteInfo = Flix;
		};
/* End PBXContainerItemProxy section */

/* Begin PBXFileReference section */
		38A1D6B287705DCB793F81D6 /* Pods-Flix.release.xcconfig */ = {isa = PBXFileReference; includeInIndex = 1; lastKnownFileType = text.xcconfig; name = "Pods-Flix.release.xcconfig"; path = "Target Support Files/Pods-Flix/Pods-Flix.release.xcconfig"; sourceTree = "<group>"; };
		3AD1F7462FF8BBBD1793B19E /* Pods_Flix_FlixUITests.framework */ = {isa = PBXFileReference; explicitFileType = wrapper.framework; includeInIndex = 0; path = Pods_Flix_FlixUITests.framework; sourceTree = BUILT_PRODUCTS_DIR; };
		446FAAE56A57106662BCE343 /* Pods_Flix.framework */ = {isa = PBXFileReference; explicitFileType = wrapper.framework; includeInIndex = 0; path = Pods_Flix.framework; sourceTree = BUILT_PRODUCTS_DIR; };
		6A3142A99DFBFE061FE6078B /* Pods-Flix-FlixUITests.release.xcconfig */ = {isa = PBXFileReference; includeInIndex = 1; lastKnownFileType = text.xcconfig; name = "Pods-Flix-FlixUITests.release.xcconfig"; path = "Target Support Files/Pods-Flix-FlixUITests/Pods-Flix-FlixUITests.release.xcconfig"; sourceTree = "<group>"; };
		6DB69AA9667E0107318CB854 /* Pods_FlixTests.framework */ = {isa = PBXFileReference; explicitFileType = wrapper.framework; includeInIndex = 0; path = Pods_FlixTests.framework; sourceTree = BUILT_PRODUCTS_DIR; };
		C9B9818986859004A697E774 /* Pods-Flix-FlixUITests.debug.xcconfig */ = {isa = PBXFileReference; includeInIndex = 1; lastKnownFileType = text.xcconfig; name = "Pods-Flix-FlixUITests.debug.xcconfig"; path = "Target Support Files/Pods-Flix-FlixUITests/Pods-Flix-FlixUITests.debug.xcconfig"; sourceTree = "<group>"; };
		CC7DE02E576BFA62249AE51B /* Pods-FlixTests.release.xcconfig */ = {isa = PBXFileReference; includeInIndex = 1; lastKnownFileType = text.xcconfig; name = "Pods-FlixTests.release.xcconfig"; path = "Target Support Files/Pods-FlixTests/Pods-FlixTests.release.xcconfig"; sourceTree = "<group>"; };
		CD28F33125C35475001FC6B0 /* MovieCell.swift */ = {isa = PBXFileReference; lastKnownFileType = sourcecode.swift; path = MovieCell.swift; sourceTree = "<group>"; };
		CD68CBF325C3210C00A23207 /* Flix.app */ = {isa = PBXFileReference; explicitFileType = wrapper.application; includeInIndex = 0; path = Flix.app; sourceTree = BUILT_PRODUCTS_DIR; };
		CD68CBF625C3210D00A23207 /* AppDelegate.swift */ = {isa = PBXFileReference; lastKnownFileType = sourcecode.swift; path = AppDelegate.swift; sourceTree = "<group>"; };
		CD68CBF825C3210D00A23207 /* SceneDelegate.swift */ = {isa = PBXFileReference; lastKnownFileType = sourcecode.swift; path = SceneDelegate.swift; sourceTree = "<group>"; };
		CD68CBFA25C3210D00A23207 /* ViewController.swift */ = {isa = PBXFileReference; lastKnownFileType = sourcecode.swift; path = ViewController.swift; sourceTree = "<group>"; };
		CD68CBFD25C3210D00A23207 /* Base */ = {isa = PBXFileReference; lastKnownFileType = file.storyboard; name = Base; path = Base.lproj/Main.storyboard; sourceTree = "<group>"; };
		CD68CBFF25C3210D00A23207 /* Assets.xcassets */ = {isa = PBXFileReference; lastKnownFileType = folder.assetcatalog; path = Assets.xcassets; sourceTree = "<group>"; };
		CD68CC0225C3210D00A23207 /* Base */ = {isa = PBXFileReference; lastKnownFileType = file.storyboard; name = Base; path = Base.lproj/LaunchScreen.storyboard; sourceTree = "<group>"; };
		CD68CC0425C3210D00A23207 /* Info.plist */ = {isa = PBXFileReference; lastKnownFileType = text.plist.xml; path = Info.plist; sourceTree = "<group>"; };
		CD68CC0925C3210D00A23207 /* FlixTests.xctest */ = {isa = PBXFileReference; explicitFileType = wrapper.cfbundle; includeInIndex = 0; path = FlixTests.xctest; sourceTree = BUILT_PRODUCTS_DIR; };
		CD68CC0D25C3210D00A23207 /* FlixTests.swift */ = {isa = PBXFileReference; lastKnownFileType = sourcecode.swift; path = FlixTests.swift; sourceTree = "<group>"; };
		CD68CC0F25C3210D00A23207 /* Info.plist */ = {isa = PBXFileReference; lastKnownFileType = text.plist.xml; path = Info.plist; sourceTree = "<group>"; };
		CD68CC1425C3210D00A23207 /* FlixUITests.xctest */ = {isa = PBXFileReference; explicitFileType = wrapper.cfbundle; includeInIndex = 0; path = FlixUITests.xctest; sourceTree = BUILT_PRODUCTS_DIR; };
		CD68CC1825C3210E00A23207 /* FlixUITests.swift */ = {isa = PBXFileReference; lastKnownFileType = sourcecode.swift; path = FlixUITests.swift; sourceTree = "<group>"; };
		CD68CC1A25C3210E00A23207 /* Info.plist */ = {isa = PBXFileReference; lastKnownFileType = text.plist.xml; path = Info.plist; sourceTree = "<group>"; };
		CD68CC5725C32F3A00A23207 /* MoviesViewController.swift */ = {isa = PBXFileReference; lastKnownFileType = sourcecode.swift; path = MoviesViewController.swift; sourceTree = "<group>"; };
		DCC7C871AC96DA2A7C746E82 /* Pods-Flix.debug.xcconfig */ = {isa = PBXFileReference; includeInIndex = 1; lastKnownFileType = text.xcconfig; name = "Pods-Flix.debug.xcconfig"; path = "Target Support Files/Pods-Flix/Pods-Flix.debug.xcconfig"; sourceTree = "<group>"; };
		E3C1F113C1FB9C2B523781D3 /* Pods-FlixTests.debug.xcconfig */ = {isa = PBXFileReference; includeInIndex = 1; lastKnownFileType = text.xcconfig; name = "Pods-FlixTests.debug.xcconfig"; path = "Target Support Files/Pods-FlixTests/Pods-FlixTests.debug.xcconfig"; sourceTree = "<group>"; };
/* End PBXFileReference section */

/* Begin PBXFrameworksBuildPhase section */
		CD68CBF025C3210C00A23207 /* Frameworks */ = {
			isa = PBXFrameworksBuildPhase;
			buildActionMask = 2147483647;
			files = (
				08FA737AADD12EC0968EB380 /* Pods_Flix.framework in Frameworks */,
			);
			runOnlyForDeploymentPostprocessing = 0;
		};
		CD68CC0625C3210D00A23207 /* Frameworks */ = {
			isa = PBXFrameworksBuildPhase;
			buildActionMask = 2147483647;
			files = (
				08C6BB306C8090889AE1B034 /* Pods_FlixTests.framework in Frameworks */,
			);
			runOnlyForDeploymentPostprocessing = 0;
		};
		CD68CC1125C3210D00A23207 /* Frameworks */ = {
			isa = PBXFrameworksBuildPhase;
			buildActionMask = 2147483647;
			files = (
				66195E6B18B700B30D4E5C88 /* Pods_Flix_FlixUITests.framework in Frameworks */,
			);
			runOnlyForDeploymentPostprocessing = 0;
		};
/* End PBXFrameworksBuildPhase section */

/* Begin PBXGroup section */
		01ED92B674AA7AF9D793D1F1 /* Pods */ = {
			isa = PBXGroup;
			children = (
				DCC7C871AC96DA2A7C746E82 /* Pods-Flix.debug.xcconfig */,
				38A1D6B287705DCB793F81D6 /* Pods-Flix.release.xcconfig */,
				C9B9818986859004A697E774 /* Pods-Flix-FlixUITests.debug.xcconfig */,
				6A3142A99DFBFE061FE6078B /* Pods-Flix-FlixUITests.release.xcconfig */,
				E3C1F113C1FB9C2B523781D3 /* Pods-FlixTests.debug.xcconfig */,
				CC7DE02E576BFA62249AE51B /* Pods-FlixTests.release.xcconfig */,
			);
			name = Pods;
			path = Pods;
			sourceTree = "<group>";
		};
		5A88CF0CE61A04976B42FF1F /* Frameworks */ = {
			isa = PBXGroup;
			children = (
				446FAAE56A57106662BCE343 /* Pods_Flix.framework */,
				3AD1F7462FF8BBBD1793B19E /* Pods_Flix_FlixUITests.framework */,
				6DB69AA9667E0107318CB854 /* Pods_FlixTests.framework */,
			);
			name = Frameworks;
			sourceTree = "<group>";
		};
		CD68CBEA25C3210C00A23207 = {
			isa = PBXGroup;
			children = (
				CD68CBF525C3210C00A23207 /* Flix */,
				CD68CC0C25C3210D00A23207 /* FlixTests */,
				CD68CC1725C3210D00A23207 /* FlixUITests */,
				CD68CBF425C3210C00A23207 /* Products */,
				01ED92B674AA7AF9D793D1F1 /* Pods */,
				5A88CF0CE61A04976B42FF1F /* Frameworks */,
			);
			sourceTree = "<group>";
		};
		CD68CBF425C3210C00A23207 /* Products */ = {
			isa = PBXGroup;
			children = (
				CD68CBF325C3210C00A23207 /* Flix.app */,
				CD68CC0925C3210D00A23207 /* FlixTests.xctest */,
				CD68CC1425C3210D00A23207 /* FlixUITests.xctest */,
			);
			name = Products;
			sourceTree = "<group>";
		};
		CD68CBF525C3210C00A23207 /* Flix */ = {
			isa = PBXGroup;
			children = (
				CD68CBF625C3210D00A23207 /* AppDelegate.swift */,
				CD68CBF825C3210D00A23207 /* SceneDelegate.swift */,
				CD68CBFA25C3210D00A23207 /* ViewController.swift */,
				CD68CBFC25C3210D00A23207 /* Main.storyboard */,
				CD68CBFF25C3210D00A23207 /* Assets.xcassets */,
				CD68CC0125C3210D00A23207 /* LaunchScreen.storyboard */,
				CD68CC0425C3210D00A23207 /* Info.plist */,
				CD68CC5725C32F3A00A23207 /* MoviesViewController.swift */,
				CD28F33125C35475001FC6B0 /* MovieCell.swift */,
			);
			path = Flix;
			sourceTree = "<group>";
		};
		CD68CC0C25C3210D00A23207 /* FlixTests */ = {
			isa = PBXGroup;
			children = (
				CD68CC0D25C3210D00A23207 /* FlixTests.swift */,
				CD68CC0F25C3210D00A23207 /* Info.plist */,
			);
			path = FlixTests;
			sourceTree = "<group>";
		};
		CD68CC1725C3210D00A23207 /* FlixUITests */ = {
			isa = PBXGroup;
			children = (
				CD68CC1825C3210E00A23207 /* FlixUITests.swift */,
				CD68CC1A25C3210E00A23207 /* Info.plist */,
			);
			path = FlixUITests;
			sourceTree = "<group>";
		};
/* End PBXGroup section */

/* Begin PBXNativeTarget section */
		CD68CBF225C3210C00A23207 /* Flix */ = {
			isa = PBXNativeTarget;
			buildConfigurationList = CD68CC1D25C3210E00A23207 /* Build configuration list for PBXNativeTarget "Flix" */;
			buildPhases = (
				B4E13E82469C5A50485C7874 /* [CP] Check Pods Manifest.lock */,
				CD68CBEF25C3210C00A23207 /* Sources */,
				CD68CBF025C3210C00A23207 /* Frameworks */,
				CD68CBF125C3210C00A23207 /* Resources */,
				132EC3E1FFECEA3CB29AB30A /* [CP] Embed Pods Frameworks */,
			);
			buildRules = (
			);
			dependencies = (
			);
			name = Flix;
			productName = Flix;
			productReference = CD68CBF325C3210C00A23207 /* Flix.app */;
			productType = "com.apple.product-type.application";
		};
		CD68CC0825C3210D00A23207 /* FlixTests */ = {
			isa = PBXNativeTarget;
			buildConfigurationList = CD68CC2025C3210E00A23207 /* Build configuration list for PBXNativeTarget "FlixTests" */;
			buildPhases = (
				57C4B369D6097765FA3C31DF /* [CP] Check Pods Manifest.lock */,
				CD68CC0525C3210D00A23207 /* Sources */,
				CD68CC0625C3210D00A23207 /* Frameworks */,
				CD68CC0725C3210D00A23207 /* Resources */,
			);
			buildRules = (
			);
			dependencies = (
				CD68CC0B25C3210D00A23207 /* PBXTargetDependency */,
			);
			name = FlixTests;
			productName = FlixTests;
			productReference = CD68CC0925C3210D00A23207 /* FlixTests.xctest */;
			productType = "com.apple.product-type.bundle.unit-test";
		};
		CD68CC1325C3210D00A23207 /* FlixUITests */ = {
			isa = PBXNativeTarget;
			buildConfigurationList = CD68CC2325C3210E00A23207 /* Build configuration list for PBXNativeTarget "FlixUITests" */;
			buildPhases = (
				44AD9372C1394DCD2F9C2A80 /* [CP] Check Pods Manifest.lock */,
				CD68CC1025C3210D00A23207 /* Sources */,
				CD68CC1125C3210D00A23207 /* Frameworks */,
				CD68CC1225C3210D00A23207 /* Resources */,
				50A61EBC12FD31E370ED16A0 /* [CP] Embed Pods Frameworks */,
			);
			buildRules = (
			);
			dependencies = (
				CD68CC1625C3210D00A23207 /* PBXTargetDependency */,
			);
			name = FlixUITests;
			productName = FlixUITests;
			productReference = CD68CC1425C3210D00A23207 /* FlixUITests.xctest */;
			productType = "com.apple.product-type.bundle.ui-testing";
		};
/* End PBXNativeTarget section */

/* Begin PBXProject section */
		CD68CBEB25C3210C00A23207 /* Project object */ = {
			isa = PBXProject;
			attributes = {
				LastSwiftUpdateCheck = 1230;
				LastUpgradeCheck = 1230;
				TargetAttributes = {
					CD68CBF225C3210C00A23207 = {
						CreatedOnToolsVersion = 12.3;
					};
					CD68CC0825C3210D00A23207 = {
						CreatedOnToolsVersion = 12.3;
						TestTargetID = CD68CBF225C3210C00A23207;
					};
					CD68CC1325C3210D00A23207 = {
						CreatedOnToolsVersion = 12.3;
						TestTargetID = CD68CBF225C3210C00A23207;
					};
				};
			};
			buildConfigurationList = CD68CBEE25C3210C00A23207 /* Build configuration list for PBXProject "Flix" */;
			compatibilityVersion = "Xcode 9.3";
			developmentRegion = en;
			hasScannedForEncodings = 0;
			knownRegions = (
				en,
				Base,
			);
			mainGroup = CD68CBEA25C3210C00A23207;
			productRefGroup = CD68CBF425C3210C00A23207 /* Products */;
			projectDirPath = "";
			projectRoot = "";
			targets = (
				CD68CBF225C3210C00A23207 /* Flix */,
				CD68CC0825C3210D00A23207 /* FlixTests */,
				CD68CC1325C3210D00A23207 /* FlixUITests */,
			);
		};
/* End PBXProject section */

/* Begin PBXResourcesBuildPhase section */
		CD68CBF125C3210C00A23207 /* Resources */ = {
			isa = PBXResourcesBuildPhase;
			buildActionMask = 2147483647;
			files = (
				CD68CC0325C3210D00A23207 /* LaunchScreen.storyboard in Resources */,
				CD68CC0025C3210D00A23207 /* Assets.xcassets in Resources */,
				CD68CBFE25C3210D00A23207 /* Main.storyboard in Resources */,
			);
			runOnlyForDeploymentPostprocessing = 0;
		};
		CD68CC0725C3210D00A23207 /* Resources */ = {
			isa = PBXResourcesBuildPhase;
			buildActionMask = 2147483647;
			files = (
			);
			runOnlyForDeploymentPostprocessing = 0;
		};
		CD68CC1225C3210D00A23207 /* Resources */ = {
			isa = PBXResourcesBuildPhase;
			buildActionMask = 2147483647;
			files = (
			);
			runOnlyForDeploymentPostprocessing = 0;
		};
/* End PBXResourcesBuildPhase section */

/* Begin PBXShellScriptBuildPhase section */
		132EC3E1FFECEA3CB29AB30A /* [CP] Embed Pods Frameworks */ = {
			isa = PBXShellScriptBuildPhase;
			buildActionMask = 2147483647;
			files = (
			);
			inputFileListPaths = (
				"${PODS_ROOT}/Target Support Files/Pods-Flix/Pods-Flix-frameworks-${CONFIGURATION}-input-files.xcfilelist",
			);
			name = "[CP] Embed Pods Frameworks";
			outputFileListPaths = (
				"${PODS_ROOT}/Target Support Files/Pods-Flix/Pods-Flix-frameworks-${CONFIGURATION}-output-files.xcfilelist",
			);
			runOnlyForDeploymentPostprocessing = 0;
			shellPath = /bin/sh;
			shellScript = "\"${PODS_ROOT}/Target Support Files/Pods-Flix/Pods-Flix-frameworks.sh\"\n";
			showEnvVarsInLog = 0;
		};
		44AD9372C1394DCD2F9C2A80 /* [CP] Check Pods Manifest.lock */ = {
			isa = PBXShellScriptBuildPhase;
			buildActionMask = 2147483647;
			files = (
			);
			inputFileListPaths = (
			);
			inputPaths = (
				"${PODS_PODFILE_DIR_PATH}/Podfile.lock",
				"${PODS_ROOT}/Manifest.lock",
			);
			name = "[CP] Check Pods Manifest.lock";
			outputFileListPaths = (
			);
			outputPaths = (
				"$(DERIVED_FILE_DIR)/Pods-Flix-FlixUITests-checkManifestLockResult.txt",
			);
			runOnlyForDeploymentPostprocessing = 0;
			shellPath = /bin/sh;
			shellScript = "diff \"${PODS_PODFILE_DIR_PATH}/Podfile.lock\" \"${PODS_ROOT}/Manifest.lock\" > /dev/null\nif [ $? != 0 ] ; then\n    # print error to STDERR\n    echo \"error: The sandbox is not in sync with the Podfile.lock. Run 'pod install' or update your CocoaPods installation.\" >&2\n    exit 1\nfi\n# This output is used by Xcode 'outputs' to avoid re-running this script phase.\necho \"SUCCESS\" > \"${SCRIPT_OUTPUT_FILE_0}\"\n";
			showEnvVarsInLog = 0;
		};
		50A61EBC12FD31E370ED16A0 /* [CP] Embed Pods Frameworks */ = {
			isa = PBXShellScriptBuildPhase;
			buildActionMask = 2147483647;
			files = (
			);
			inputFileListPaths = (
				"${PODS_ROOT}/Target Support Files/Pods-Flix-FlixUITests/Pods-Flix-FlixUITests-frameworks-${CONFIGURATION}-input-files.xcfilelist",
			);
			name = "[CP] Embed Pods Frameworks";
			outputFileListPaths = (
				"${PODS_ROOT}/Target Support Files/Pods-Flix-FlixUITests/Pods-Flix-FlixUITests-frameworks-${CONFIGURATION}-output-files.xcfilelist",
			);
			runOnlyForDeploymentPostprocessing = 0;
			shellPath = /bin/sh;
			shellScript = "\"${PODS_ROOT}/Target Support Files/Pods-Flix-FlixUITests/Pods-Flix-FlixUITests-frameworks.sh\"\n";
			showEnvVarsInLog = 0;
		};
		57C4B369D6097765FA3C31DF /* [CP] Check Pods Manifest.lock */ = {
			isa = PBXShellScriptBuildPhase;
			buildActionMask = 2147483647;
			files = (
			);
			inputFileListPaths = (
			);
			inputPaths = (
				"${PODS_PODFILE_DIR_PATH}/Podfile.lock",
				"${PODS_ROOT}/Manifest.lock",
			);
			name = "[CP] Check Pods Manifest.lock";
			outputFileListPaths = (
			);
			outputPaths = (
				"$(DERIVED_FILE_DIR)/Pods-FlixTests-checkManifestLockResult.txt",
			);
			runOnlyForDeploymentPostprocessing = 0;
			shellPath = /bin/sh;
			shellScript = "diff \"${PODS_PODFILE_DIR_PATH}/Podfile.lock\" \"${PODS_ROOT}/Manifest.lock\" > /dev/null\nif [ $? != 0 ] ; then\n    # print error to STDERR\n    echo \"error: The sandbox is not in sync with the Podfile.lock. Run 'pod install' or update your CocoaPods installation.\" >&2\n    exit 1\nfi\n# This output is used by Xcode 'outputs' to avoid re-running this script phase.\necho \"SUCCESS\" > \"${SCRIPT_OUTPUT_FILE_0}\"\n";
			showEnvVarsInLog = 0;
		};
		B4E13E82469C5A50485C7874 /* [CP] Check Pods Manifest.lock */ = {
			isa = PBXShellScriptBuildPhase;
			buildActionMask = 2147483647;
			files = (
			);
			inputFileListPaths = (
			);
			inputPaths = (
				"${PODS_PODFILE_DIR_PATH}/Podfile.lock",
				"${PODS_ROOT}/Manifest.lock",
			);
			name = "[CP] Check Pods Manifest.lock";
			outputFileListPaths = (
			);
			outputPaths = (
				"$(DERIVED_FILE_DIR)/Pods-Flix-checkManifestLockResult.txt",
			);
			runOnlyForDeploymentPostprocessing = 0;
			shellPath = /bin/sh;
			shellScript = "diff \"${PODS_PODFILE_DIR_PATH}/Podfile.lock\" \"${PODS_ROOT}/Manifest.lock\" > /dev/null\nif [ $? != 0 ] ; then\n    # print error to STDERR\n    echo \"error: The sandbox is not in sync with the Podfile.lock. Run 'pod install' or update your CocoaPods installation.\" >&2\n    exit 1\nfi\n# This output is used by Xcode 'outputs' to avoid re-running this script phase.\necho \"SUCCESS\" > \"${SCRIPT_OUTPUT_FILE_0}\"\n";
			showEnvVarsInLog = 0;
		};
/* End PBXShellScriptBuildPhase section */

/* Begin PBXSourcesBuildPhase section */
		CD68CBEF25C3210C00A23207 /* Sources */ = {
			isa = PBXSourcesBuildPhase;
			buildActionMask = 2147483647;
			files = (
				CD68CBFB25C3210D00A23207 /* ViewController.swift in Sources */,
				CD68CBF725C3210D00A23207 /* AppDelegate.swift in Sources */,
				CD68CBF925C3210D00A23207 /* SceneDelegate.swift in Sources */,
				CD28F33225C35475001FC6B0 /* MovieCell.swift in Sources */,
				CD68CC5825C32F3A00A23207 /* MoviesViewController.swift in Sources */,
			);
			runOnlyForDeploymentPostprocessing = 0;
		};
		CD68CC0525C3210D00A23207 /* Sources */ = {
			isa = PBXSourcesBuildPhase;
			buildActionMask = 2147483647;
			files = (
				CD68CC0E25C3210D00A23207 /* FlixTests.swift in Sources */,
			);
			runOnlyForDeploymentPostprocessing = 0;
		};
		CD68CC1025C3210D00A23207 /* Sources */ = {
			isa = PBXSourcesBuildPhase;
			buildActionMask = 2147483647;
			files = (
				CD68CC1925C3210E00A23207 /* FlixUITests.swift in Sources */,
			);
			runOnlyForDeploymentPostprocessing = 0;
		};
/* End PBXSourcesBuildPhase section */

/* Begin PBXTargetDependency section */
		CD68CC0B25C3210D00A23207 /* PBXTargetDependency */ = {
			isa = PBXTargetDependency;
			target = CD68CBF225C3210C00A23207 /* Flix */;
			targetProxy = CD68CC0A25C3210D00A23207 /* PBXContainerItemProxy */;
		};
		CD68CC1625C3210D00A23207 /* PBXTargetDependency */ = {
			isa = PBXTargetDependency;
			target = CD68CBF225C3210C00A23207 /* Flix */;
			targetProxy = CD68CC1525C3210D00A23207 /* PBXContainerItemProxy */;
		};
/* End PBXTargetDependency section */

/* Begin PBXVariantGroup section */
		CD68CBFC25C3210D00A23207 /* Main.storyboard */ = {
			isa = PBXVariantGroup;
			children = (
				CD68CBFD25C3210D00A23207 /* Base */,
			);
			name = Main.storyboard;
			sourceTree = "<group>";
		};
		CD68CC0125C3210D00A23207 /* LaunchScreen.storyboard */ = {
			isa = PBXVariantGroup;
			children = (
				CD68CC0225C3210D00A23207 /* Base */,
			);
			name = LaunchScreen.storyboard;
			sourceTree = "<group>";
		};
/* End PBXVariantGroup section */

/* Begin XCBuildConfiguration section */
		CD68CC1B25C3210E00A23207 /* Debug */ = {
			isa = XCBuildConfiguration;
			buildSettings = {
				ALWAYS_SEARCH_USER_PATHS = NO;
				CLANG_ANALYZER_NONNULL = YES;
				CLANG_ANALYZER_NUMBER_OBJECT_CONVERSION = YES_AGGRESSIVE;
				CLANG_CXX_LANGUAGE_STANDARD = "gnu++14";
				CLANG_CXX_LIBRARY = "libc++";
				CLANG_ENABLE_MODULES = YES;
				CLANG_ENABLE_OBJC_ARC = YES;
				CLANG_ENABLE_OBJC_WEAK = YES;
				CLANG_WARN_BLOCK_CAPTURE_AUTORELEASING = YES;
				CLANG_WARN_BOOL_CONVERSION = YES;
				CLANG_WARN_COMMA = YES;
				CLANG_WARN_CONSTANT_CONVERSION = YES;
				CLANG_WARN_DEPRECATED_OBJC_IMPLEMENTATIONS = YES;
				CLANG_WARN_DIRECT_OBJC_ISA_USAGE = YES_ERROR;
				CLANG_WARN_DOCUMENTATION_COMMENTS = YES;
				CLANG_WARN_EMPTY_BODY = YES;
				CLANG_WARN_ENUM_CONVERSION = YES;
				CLANG_WARN_INFINITE_RECURSION = YES;
				CLANG_WARN_INT_CONVERSION = YES;
				CLANG_WARN_NON_LITERAL_NULL_CONVERSION = YES;
				CLANG_WARN_OBJC_IMPLICIT_RETAIN_SELF = YES;
				CLANG_WARN_OBJC_LITERAL_CONVERSION = YES;
				CLANG_WARN_OBJC_ROOT_CLASS = YES_ERROR;
				CLANG_WARN_QUOTED_INCLUDE_IN_FRAMEWORK_HEADER = YES;
				CLANG_WARN_RANGE_LOOP_ANALYSIS = YES;
				CLANG_WARN_STRICT_PROTOTYPES = YES;
				CLANG_WARN_SUSPICIOUS_MOVE = YES;
				CLANG_WARN_UNGUARDED_AVAILABILITY = YES_AGGRESSIVE;
				CLANG_WARN_UNREACHABLE_CODE = YES;
				CLANG_WARN__DUPLICATE_METHOD_MATCH = YES;
				COPY_PHASE_STRIP = NO;
				DEBUG_INFORMATION_FORMAT = dwarf;
				ENABLE_STRICT_OBJC_MSGSEND = YES;
				ENABLE_TESTABILITY = YES;
				GCC_C_LANGUAGE_STANDARD = gnu11;
				GCC_DYNAMIC_NO_PIC = NO;
				GCC_NO_COMMON_BLOCKS = YES;
				GCC_OPTIMIZATION_LEVEL = 0;
				GCC_PREPROCESSOR_DEFINITIONS = (
					"DEBUG=1",
					"$(inherited)",
				);
				GCC_WARN_64_TO_32_BIT_CONVERSION = YES;
				GCC_WARN_ABOUT_RETURN_TYPE = YES_ERROR;
				GCC_WARN_UNDECLARED_SELECTOR = YES;
				GCC_WARN_UNINITIALIZED_AUTOS = YES_AGGRESSIVE;
				GCC_WARN_UNUSED_FUNCTION = YES;
				GCC_WARN_UNUSED_VARIABLE = YES;
				IPHONEOS_DEPLOYMENT_TARGET = 14.3;
				MTL_ENABLE_DEBUG_INFO = INCLUDE_SOURCE;
				MTL_FAST_MATH = YES;
				ONLY_ACTIVE_ARCH = YES;
				SDKROOT = iphoneos;
				SWIFT_ACTIVE_COMPILATION_CONDITIONS = DEBUG;
				SWIFT_OPTIMIZATION_LEVEL = "-Onone";
			};
			name = Debug;
		};
		CD68CC1C25C3210E00A23207 /* Release */ = {
			isa = XCBuildConfiguration;
			buildSettings = {
				ALWAYS_SEARCH_USER_PATHS = NO;
				CLANG_ANALYZER_NONNULL = YES;
				CLANG_ANALYZER_NUMBER_OBJECT_CONVERSION = YES_AGGRESSIVE;
				CLANG_CXX_LANGUAGE_STANDARD = "gnu++14";
				CLANG_CXX_LIBRARY = "libc++";
				CLANG_ENABLE_MODULES = YES;
				CLANG_ENABLE_OBJC_ARC = YES;
				CLANG_ENABLE_OBJC_WEAK = YES;
				CLANG_WARN_BLOCK_CAPTURE_AUTORELEASING = YES;
				CLANG_WARN_BOOL_CONVERSION = YES;
				CLANG_WARN_COMMA = YES;
				CLANG_WARN_CONSTANT_CONVERSION = YES;
				CLANG_WARN_DEPRECATED_OBJC_IMPLEMENTATIONS = YES;
				CLANG_WARN_DIRECT_OBJC_ISA_USAGE = YES_ERROR;
				CLANG_WARN_DOCUMENTATION_COMMENTS = YES;
				CLANG_WARN_EMPTY_BODY = YES;
				CLANG_WARN_ENUM_CONVERSION = YES;
				CLANG_WARN_INFINITE_RECURSION = YES;
				CLANG_WARN_INT_CONVERSION = YES;
				CLANG_WARN_NON_LITERAL_NULL_CONVERSION = YES;
				CLANG_WARN_OBJC_IMPLICIT_RETAIN_SELF = YES;
				CLANG_WARN_OBJC_LITERAL_CONVERSION = YES;
				CLANG_WARN_OBJC_ROOT_CLASS = YES_ERROR;
				CLANG_WARN_QUOTED_INCLUDE_IN_FRAMEWORK_HEADER = YES;
				CLANG_WARN_RANGE_LOOP_ANALYSIS = YES;
				CLANG_WARN_STRICT_PROTOTYPES = YES;
				CLANG_WARN_SUSPICIOUS_MOVE = YES;
				CLANG_WARN_UNGUARDED_AVAILABILITY = YES_AGGRESSIVE;
				CLANG_WARN_UNREACHABLE_CODE = YES;
				CLANG_WARN__DUPLICATE_METHOD_MATCH = YES;
				COPY_PHASE_STRIP = NO;
				DEBUG_INFORMATION_FORMAT = "dwarf-with-dsym";
				ENABLE_NS_ASSERTIONS = NO;
				ENABLE_STRICT_OBJC_MSGSEND = YES;
				GCC_C_LANGUAGE_STANDARD = gnu11;
				GCC_NO_COMMON_BLOCKS = YES;
				GCC_WARN_64_TO_32_BIT_CONVERSION = YES;
				GCC_WARN_ABOUT_RETURN_TYPE = YES_ERROR;
				GCC_WARN_UNDECLARED_SELECTOR = YES;
				GCC_WARN_UNINITIALIZED_AUTOS = YES_AGGRESSIVE;
				GCC_WARN_UNUSED_FUNCTION = YES;
				GCC_WARN_UNUSED_VARIABLE = YES;
				IPHONEOS_DEPLOYMENT_TARGET = 14.3;
				MTL_ENABLE_DEBUG_INFO = NO;
				MTL_FAST_MATH = YES;
				SDKROOT = iphoneos;
				SWIFT_COMPILATION_MODE = wholemodule;
				SWIFT_OPTIMIZATION_LEVEL = "-O";
				VALIDATE_PRODUCT = YES;
			};
			name = Release;
		};
		CD68CC1E25C3210E00A23207 /* Debug */ = {
			isa = XCBuildConfiguration;
			baseConfigurationReference = DCC7C871AC96DA2A7C746E82 /* Pods-Flix.debug.xcconfig */;
			buildSettings = {
				ASSETCATALOG_COMPILER_APPICON_NAME = AppIcon;
				ASSETCATALOG_COMPILER_GLOBAL_ACCENT_COLOR_NAME = AccentColor;
				CODE_SIGN_STYLE = Automatic;
				INFOPLIST_FILE = Flix/Info.plist;
				LD_RUNPATH_SEARCH_PATHS = (
					"$(inherited)",
					"@executable_path/Frameworks",
				);
				PRODUCT_BUNDLE_IDENTIFIER = ebudiono.Flix;
				PRODUCT_NAME = "$(TARGET_NAME)";
				SWIFT_VERSION = 5.0;
				TARGETED_DEVICE_FAMILY = "1,2";
			};
			name = Debug;
		};
		CD68CC1F25C3210E00A23207 /* Release */ = {
			isa = XCBuildConfiguration;
			baseConfigurationReference = 38A1D6B287705DCB793F81D6 /* Pods-Flix.release.xcconfig */;
			buildSettings = {
				ASSETCATALOG_COMPILER_APPICON_NAME = AppIcon;
				ASSETCATALOG_COMPILER_GLOBAL_ACCENT_COLOR_NAME = AccentColor;
				CODE_SIGN_STYLE = Automatic;
				INFOPLIST_FILE = Flix/Info.plist;
				LD_RUNPATH_SEARCH_PATHS = (
					"$(inherited)",
					"@executable_path/Frameworks",
				);
				PRODUCT_BUNDLE_IDENTIFIER = ebudiono.Flix;
				PRODUCT_NAME = "$(TARGET_NAME)";
				SWIFT_VERSION = 5.0;
				TARGETED_DEVICE_FAMILY = "1,2";
			};
			name = Release;
		};
		CD68CC2125C3210E00A23207 /* Debug */ = {
			isa = XCBuildConfiguration;
			baseConfigurationReference = E3C1F113C1FB9C2B523781D3 /* Pods-FlixTests.debug.xcconfig */;
			buildSettings = {
				ALWAYS_EMBED_SWIFT_STANDARD_LIBRARIES = YES;
				BUNDLE_LOADER = "$(TEST_HOST)";
				CODE_SIGN_STYLE = Automatic;
				INFOPLIST_FILE = FlixTests/Info.plist;
				IPHONEOS_DEPLOYMENT_TARGET = 14.3;
				LD_RUNPATH_SEARCH_PATHS = (
					"$(inherited)",
					"@executable_path/Frameworks",
					"@loader_path/Frameworks",
				);
				PRODUCT_BUNDLE_IDENTIFIER = ebudiono.FlixTests;
				PRODUCT_NAME = "$(TARGET_NAME)";
				SWIFT_VERSION = 5.0;
				TARGETED_DEVICE_FAMILY = "1,2";
				TEST_HOST = "$(BUILT_PRODUCTS_DIR)/Flix.app/Flix";
			};
			name = Debug;
		};
		CD68CC2225C3210E00A23207 /* Release */ = {
			isa = XCBuildConfiguration;
			baseConfigurationReference = CC7DE02E576BFA62249AE51B /* Pods-FlixTests.release.xcconfig */;
			buildSettings = {
				ALWAYS_EMBED_SWIFT_STANDARD_LIBRARIES = YES;
				BUNDLE_LOADER = "$(TEST_HOST)";
				CODE_SIGN_STYLE = Automatic;
				INFOPLIST_FILE = FlixTests/Info.plist;
				IPHONEOS_DEPLOYMENT_TARGET = 14.3;
				LD_RUNPATH_SEARCH_PATHS = (
					"$(inherited)",
					"@executable_path/Frameworks",
					"@loader_path/Frameworks",
				);
				PRODUCT_BUNDLE_IDENTIFIER = ebudiono.FlixTests;
				PRODUCT_NAME = "$(TARGET_NAME)";
				SWIFT_VERSION = 5.0;
				TARGETED_DEVICE_FAMILY = "1,2";
				TEST_HOST = "$(BUILT_PRODUCTS_DIR)/Flix.app/Flix";
			};
			name = Release;
		};
		CD68CC2425C3210E00A23207 /* Debug */ = {
			isa = XCBuildConfiguration;
			baseConfigurationReference = C9B9818986859004A697E774 /* Pods-Flix-FlixUITests.debug.xcconfig */;
			buildSettings = {
				ALWAYS_EMBED_SWIFT_STANDARD_LIBRARIES = YES;
				CODE_SIGN_STYLE = Automatic;
				INFOPLIST_FILE = FlixUITests/Info.plist;
				LD_RUNPATH_SEARCH_PATHS = (
					"$(inherited)",
					"@executable_path/Frameworks",
					"@loader_path/Frameworks",
				);
				PRODUCT_BUNDLE_IDENTIFIER = ebudiono.FlixUITests;
				PRODUCT_NAME = "$(TARGET_NAME)";
				SWIFT_VERSION = 5.0;
				TARGETED_DEVICE_FAMILY = "1,2";
				TEST_TARGET_NAME = Flix;
			};
			name = Debug;
		};
		CD68CC2525C3210E00A23207 /* Release */ = {
			isa = XCBuildConfiguration;
			baseConfigurationReference = 6A3142A99DFBFE061FE6078B /* Pods-Flix-FlixUITests.release.xcconfig */;
			buildSettings = {
				ALWAYS_EMBED_SWIFT_STANDARD_LIBRARIES = YES;
				CODE_SIGN_STYLE = Automatic;
				INFOPLIST_FILE = FlixUITests/Info.plist;
				LD_RUNPATH_SEARCH_PATHS = (
					"$(inherited)",
					"@executable_path/Frameworks",
					"@loader_path/Frameworks",
				);
				PRODUCT_BUNDLE_IDENTIFIER = ebudiono.FlixUITests;
				PRODUCT_NAME = "$(TARGET_NAME)";
				SWIFT_VERSION = 5.0;
				TARGETED_DEVICE_FAMILY = "1,2";
				TEST_TARGET_NAME = Flix;
			};
			name = Release;
		};
/* End XCBuildConfiguration section */

/* Begin XCConfigurationList section */
		CD68CBEE25C3210C00A23207 /* Build configuration list for PBXProject "Flix" */ = {
			isa = XCConfigurationList;
			buildConfigurations = (
				CD68CC1B25C3210E00A23207 /* Debug */,
				CD68CC1C25C3210E00A23207 /* Release */,
			);
			defaultConfigurationIsVisible = 0;
			defaultConfigurationName = Release;
		};
		CD68CC1D25C3210E00A23207 /* Build configuration list for PBXNativeTarget "Flix" */ = {
			isa = XCConfigurationList;
			buildConfigurations = (
				CD68CC1E25C3210E00A23207 /* Debug */,
				CD68CC1F25C3210E00A23207 /* Release */,
			);
			defaultConfigurationIsVisible = 0;
			defaultConfigurationName = Release;
		};
		CD68CC2025C3210E00A23207 /* Build configuration list for PBXNativeTarget "FlixTests" */ = {
			isa = XCConfigurationList;
			buildConfigurations = (
				CD68CC2125C3210E00A23207 /* Debug */,
				CD68CC2225C3210E00A23207 /* Release */,
			);
			defaultConfigurationIsVisible = 0;
			defaultConfigurationName = Release;
		};
		CD68CC2325C3210E00A23207 /* Build configuration list for PBXNativeTarget "FlixUITests" */ = {
			isa = XCConfigurationList;
			buildConfigurations = (
				CD68CC2425C3210E00A23207 /* Debug */,
				CD68CC2525C3210E00A23207 /* Release */,
			);
			defaultConfigurationIsVisible = 0;
			defaultConfigurationName = Release;
		};
/* End XCConfigurationList section */
	};
	rootObject = CD68CBEB25C3210C00A23207 /* Project object */;
}
